// !$*UTF8*$!
{
	archiveVersion = 1;
	classes = {
	};
	objectVersion = 46;
	objects = {

/* Begin PBXBuildFile section */
		836B441B1C0911E4004CB8DF /* AppDelegate.swift in Sources */ = {isa = PBXBuildFile; fileRef = 836B441A1C0911E4004CB8DF /* AppDelegate.swift */; };
		836B441D1C0911E4004CB8DF /* ViewController.swift in Sources */ = {isa = PBXBuildFile; fileRef = 836B441C1C0911E4004CB8DF /* ViewController.swift */; };
		836B44201C0911E4004CB8DF /* Main.storyboard in Resources */ = {isa = PBXBuildFile; fileRef = 836B441E1C0911E4004CB8DF /* Main.storyboard */; };
		836B44221C0911E4004CB8DF /* Assets.xcassets in Resources */ = {isa = PBXBuildFile; fileRef = 836B44211C0911E4004CB8DF /* Assets.xcassets */; };
		836B44251C0911E4004CB8DF /* LaunchScreen.storyboard in Resources */ = {isa = PBXBuildFile; fileRef = 836B44231C0911E4004CB8DF /* LaunchScreen.storyboard */; };
		836B44301C0911E4004CB8DF /* BBCupertinoITunesConnectTestTests.swift in Sources */ = {isa = PBXBuildFile; fileRef = 836B442F1C0911E4004CB8DF /* BBCupertinoITunesConnectTestTests.swift */; };
		836B443B1C0911E4004CB8DF /* BBCupertinoITunesConnectTestUITests.swift in Sources */ = {isa = PBXBuildFile; fileRef = 836B443A1C0911E4004CB8DF /* BBCupertinoITunesConnectTestUITests.swift */; };
/* End PBXBuildFile section */

/* Begin PBXContainerItemProxy section */
		836B442C1C0911E4004CB8DF /* PBXContainerItemProxy */ = {
			isa = PBXContainerItemProxy;
			containerPortal = 836B440F1C0911E3004CB8DF /* Project object */;
			proxyType = 1;
			remoteGlobalIDString = 836B44161C0911E4004CB8DF;
			remoteInfo = BBCupertinoITunesConnectTest;
		};
		836B44371C0911E4004CB8DF /* PBXContainerItemProxy */ = {
			isa = PBXContainerItemProxy;
			containerPortal = 836B440F1C0911E3004CB8DF /* Project object */;
			proxyType = 1;
			remoteGlobalIDString = 836B44161C0911E4004CB8DF;
			remoteInfo = BBCupertinoITunesConnectTest;
		};
/* End PBXContainerItemProxy section */

/* Begin PBXFileReference section */
		836B44171C0911E4004CB8DF /* BBCupertinoITunesConnectTest.app */ = {isa = PBXFileReference; explicitFileType = wrapper.application; includeInIndex = 0; path = BBCupertinoITunesConnectTest.app; sourceTree = BUILT_PRODUCTS_DIR; };
		836B441A1C0911E4004CB8DF /* AppDelegate.swift */ = {isa = PBXFileReference; lastKnownFileType = sourcecode.swift; path = AppDelegate.swift; sourceTree = "<group>"; };
		836B441C1C0911E4004CB8DF /* ViewController.swift */ = {isa = PBXFileReference; lastKnownFileType = sourcecode.swift; path = ViewController.swift; sourceTree = "<group>"; };
		836B441F1C0911E4004CB8DF /* Base */ = {isa = PBXFileReference; lastKnownFileType = file.storyboard; name = Base; path = Base.lproj/Main.storyboard; sourceTree = "<group>"; };
		836B44211C0911E4004CB8DF /* Assets.xcassets */ = {isa = PBXFileReference; lastKnownFileType = folder.assetcatalog; path = Assets.xcassets; sourceTree = "<group>"; };
		836B44241C0911E4004CB8DF /* Base */ = {isa = PBXFileReference; lastKnownFileType = file.storyboard; name = Base; path = Base.lproj/LaunchScreen.storyboard; sourceTree = "<group>"; };
		836B44261C0911E4004CB8DF /* Info.plist */ = {isa = PBXFileReference; lastKnownFileType = text.plist.xml; path = Info.plist; sourceTree = "<group>"; };
		836B442B1C0911E4004CB8DF /* BBCupertinoITunesConnectTestTests.xctest */ = {isa = PBXFileReference; explicitFileType = wrapper.cfbundle; includeInIndex = 0; path = BBCupertinoITunesConnectTestTests.xctest; sourceTree = BUILT_PRODUCTS_DIR; };
		836B442F1C0911E4004CB8DF /* BBCupertinoITunesConnectTestTests.swift */ = {isa = PBXFileReference; lastKnownFileType = sourcecode.swift; path = BBCupertinoITunesConnectTestTests.swift; sourceTree = "<group>"; };
		836B44311C0911E4004CB8DF /* Info.plist */ = {isa = PBXFileReference; lastKnownFileType = text.plist.xml; path = Info.plist; sourceTree = "<group>"; };
		836B44361C0911E4004CB8DF /* BBCupertinoITunesConnectTestUITests.xctest */ = {isa = PBXFileReference; explicitFileType = wrapper.cfbundle; includeInIndex = 0; path = BBCupertinoITunesConnectTestUITests.xctest; sourceTree = BUILT_PRODUCTS_DIR; };
		836B443A1C0911E4004CB8DF /* BBCupertinoITunesConnectTestUITests.swift */ = {isa = PBXFileReference; lastKnownFileType = sourcecode.swift; path = BBCupertinoITunesConnectTestUITests.swift; sourceTree = "<group>"; };
		836B443C1C0911E4004CB8DF /* Info.plist */ = {isa = PBXFileReference; lastKnownFileType = text.plist.xml; path = Info.plist; sourceTree = "<group>"; };
/* End PBXFileReference section */

/* Begin PBXFrameworksBuildPhase section */
		836B44141C0911E4004CB8DF /* Frameworks */ = {
			isa = PBXFrameworksBuildPhase;
			buildActionMask = 2147483647;
			files = (
			);
			runOnlyForDeploymentPostprocessing = 0;
		};
		836B44281C0911E4004CB8DF /* Frameworks */ = {
			isa = PBXFrameworksBuildPhase;
			buildActionMask = 2147483647;
			files = (
			);
			runOnlyForDeploymentPostprocessing = 0;
		};
		836B44331C0911E4004CB8DF /* Frameworks */ = {
			isa = PBXFrameworksBuildPhase;
			buildActionMask = 2147483647;
			files = (
			);
			runOnlyForDeploymentPostprocessing = 0;
		};
/* End PBXFrameworksBuildPhase section */

/* Begin PBXGroup section */
		836B440E1C0911E3004CB8DF = {
			isa = PBXGroup;
			children = (
				836B44191C0911E4004CB8DF /* BBCupertinoITunesConnectTest */,
				836B442E1C0911E4004CB8DF /* BBCupertinoITunesConnectTestTests */,
				836B44391C0911E4004CB8DF /* BBCupertinoITunesConnectTestUITests */,
				836B44181C0911E4004CB8DF /* Products */,
			);
			sourceTree = "<group>";
		};
		836B44181C0911E4004CB8DF /* Products */ = {
			isa = PBXGroup;
			children = (
				836B44171C0911E4004CB8DF /* BBCupertinoITunesConnectTest.app */,
				836B442B1C0911E4004CB8DF /* BBCupertinoITunesConnectTestTests.xctest */,
				836B44361C0911E4004CB8DF /* BBCupertinoITunesConnectTestUITests.xctest */,
			);
			name = Products;
			sourceTree = "<group>";
		};
		836B44191C0911E4004CB8DF /* BBCupertinoITunesConnectTest */ = {
			isa = PBXGroup;
			children = (
				836B441A1C0911E4004CB8DF /* AppDelegate.swift */,
				836B441C1C0911E4004CB8DF /* ViewController.swift */,
				836B441E1C0911E4004CB8DF /* Main.storyboard */,
				836B44211C0911E4004CB8DF /* Assets.xcassets */,
				836B44231C0911E4004CB8DF /* LaunchScreen.storyboard */,
				836B44261C0911E4004CB8DF /* Info.plist */,
			);
			path = BBCupertinoITunesConnectTest;
			sourceTree = "<group>";
		};
		836B442E1C0911E4004CB8DF /* BBCupertinoITunesConnectTestTests */ = {
			isa = PBXGroup;
			children = (
				836B442F1C0911E4004CB8DF /* BBCupertinoITunesConnectTestTests.swift */,
				836B44311C0911E4004CB8DF /* Info.plist */,
			);
			path = BBCupertinoITunesConnectTestTests;
			sourceTree = "<group>";
		};
		836B44391C0911E4004CB8DF /* BBCupertinoITunesConnectTestUITests */ = {
			isa = PBXGroup;
			children = (
				836B443A1C0911E4004CB8DF /* BBCupertinoITunesConnectTestUITests.swift */,
				836B443C1C0911E4004CB8DF /* Info.plist */,
			);
			path = BBCupertinoITunesConnectTestUITests;
			sourceTree = "<group>";
		};
/* End PBXGroup section */

/* Begin PBXNativeTarget section */
		836B44161C0911E4004CB8DF /* BBCupertinoITunesConnectTest */ = {
			isa = PBXNativeTarget;
			buildConfigurationList = 836B443F1C0911E4004CB8DF /* Build configuration list for PBXNativeTarget "BBCupertinoITunesConnectTest" */;
			buildPhases = (
				836B44131C0911E4004CB8DF /* Sources */,
				836B44141C0911E4004CB8DF /* Frameworks */,
				836B44151C0911E4004CB8DF /* Resources */,
			);
			buildRules = (
			);
			dependencies = (
			);
			name = BBCupertinoITunesConnectTest;
			productName = BBCupertinoITunesConnectTest;
			productReference = 836B44171C0911E4004CB8DF /* BBCupertinoITunesConnectTest.app */;
			productType = "com.apple.product-type.application";
		};
		836B442A1C0911E4004CB8DF /* BBCupertinoITunesConnectTestTests */ = {
			isa = PBXNativeTarget;
			buildConfigurationList = 836B44421C0911E4004CB8DF /* Build configuration list for PBXNativeTarget "BBCupertinoITunesConnectTestTests" */;
			buildPhases = (
				836B44271C0911E4004CB8DF /* Sources */,
				836B44281C0911E4004CB8DF /* Frameworks */,
				836B44291C0911E4004CB8DF /* Resources */,
			);
			buildRules = (
			);
			dependencies = (
				836B442D1C0911E4004CB8DF /* PBXTargetDependency */,
			);
			name = BBCupertinoITunesConnectTestTests;
			productName = BBCupertinoITunesConnectTestTests;
			productReference = 836B442B1C0911E4004CB8DF /* BBCupertinoITunesConnectTestTests.xctest */;
			productType = "com.apple.product-type.bundle.unit-test";
		};
		836B44351C0911E4004CB8DF /* BBCupertinoITunesConnectTestUITests */ = {
			isa = PBXNativeTarget;
			buildConfigurationList = 836B44451C0911E4004CB8DF /* Build configuration list for PBXNativeTarget "BBCupertinoITunesConnectTestUITests" */;
			buildPhases = (
				836B44321C0911E4004CB8DF /* Sources */,
				836B44331C0911E4004CB8DF /* Frameworks */,
				836B44341C0911E4004CB8DF /* Resources */,
			);
			buildRules = (
			);
			dependencies = (
				836B44381C0911E4004CB8DF /* PBXTargetDependency */,
			);
			name = BBCupertinoITunesConnectTestUITests;
			productName = BBCupertinoITunesConnectTestUITests;
			productReference = 836B44361C0911E4004CB8DF /* BBCupertinoITunesConnectTestUITests.xctest */;
			productType = "com.apple.product-type.bundle.ui-testing";
		};
/* End PBXNativeTarget section */

/* Begin PBXProject section */
		836B440F1C0911E3004CB8DF /* Project object */ = {
			isa = PBXProject;
			attributes = {
				LastSwiftUpdateCheck = 0710;
				LastUpgradeCheck = 0710;
				ORGANIZATIONNAME = Chris;
				TargetAttributes = {
					836B44161C0911E4004CB8DF = {
						CreatedOnToolsVersion = 7.1;
					};
					836B442A1C0911E4004CB8DF = {
						CreatedOnToolsVersion = 7.1;
						TestTargetID = 836B44161C0911E4004CB8DF;
					};
					836B44351C0911E4004CB8DF = {
						CreatedOnToolsVersion = 7.1;
						TestTargetID = 836B44161C0911E4004CB8DF;
					};
				};
			};
			buildConfigurationList = 836B44121C0911E3004CB8DF /* Build configuration list for PBXProject "BBCupertinoITunesConnectTest" */;
			compatibilityVersion = "Xcode 3.2";
			developmentRegion = English;
			hasScannedForEncodings = 0;
			knownRegions = (
				en,
				Base,
			);
			mainGroup = 836B440E1C0911E3004CB8DF;
			productRefGroup = 836B44181C0911E4004CB8DF /* Products */;
			projectDirPath = "";
			projectRoot = "";
			targets = (
				836B44161C0911E4004CB8DF /* BBCupertinoITunesConnectTest */,
				836B442A1C0911E4004CB8DF /* BBCupertinoITunesConnectTestTests */,
				836B44351C0911E4004CB8DF /* BBCupertinoITunesConnectTestUITests */,
			);
		};
/* End PBXProject section */

/* Begin PBXResourcesBuildPhase section */
		836B44151C0911E4004CB8DF /* Resources */ = {
			isa = PBXResourcesBuildPhase;
			buildActionMask = 2147483647;
			files = (
				836B44251C0911E4004CB8DF /* LaunchScreen.storyboard in Resources */,
				836B44221C0911E4004CB8DF /* Assets.xcassets in Resources */,
				836B44201C0911E4004CB8DF /* Main.storyboard in Resources */,
			);
			runOnlyForDeploymentPostprocessing = 0;
		};
		836B44291C0911E4004CB8DF /* Resources */ = {
			isa = PBXResourcesBuildPhase;
			buildActionMask = 2147483647;
			files = (
			);
			runOnlyForDeploymentPostprocessing = 0;
		};
		836B44341C0911E4004CB8DF /* Resources */ = {
			isa = PBXResourcesBuildPhase;
			buildActionMask = 2147483647;
			files = (
			);
			runOnlyForDeploymentPostprocessing = 0;
		};
/* End PBXResourcesBuildPhase section */

/* Begin PBXSourcesBuildPhase section */
		836B44131C0911E4004CB8DF /* Sources */ = {
			isa = PBXSourcesBuildPhase;
			buildActionMask = 2147483647;
			files = (
				836B441D1C0911E4004CB8DF /* ViewController.swift in Sources */,
				836B441B1C0911E4004CB8DF /* AppDelegate.swift in Sources */,
			);
			runOnlyForDeploymentPostprocessing = 0;
		};
		836B44271C0911E4004CB8DF /* Sources */ = {
			isa = PBXSourcesBuildPhase;
			buildActionMask = 2147483647;
			files = (
				836B44301C0911E4004CB8DF /* BBCupertinoITunesConnectTestTests.swift in Sources */,
			);
			runOnlyForDeploymentPostprocessing = 0;
		};
		836B44321C0911E4004CB8DF /* Sources */ = {
			isa = PBXSourcesBuildPhase;
			buildActionMask = 2147483647;
			files = (
				836B443B1C0911E4004CB8DF /* BBCupertinoITunesConnectTestUITests.swift in Sources */,
			);
			runOnlyForDeploymentPostprocessing = 0;
		};
/* End PBXSourcesBuildPhase section */

/* Begin PBXTargetDependency section */
		836B442D1C0911E4004CB8DF /* PBXTargetDependency */ = {
			isa = PBXTargetDependency;
			target = 836B44161C0911E4004CB8DF /* BBCupertinoITunesConnectTest */;
			targetProxy = 836B442C1C0911E4004CB8DF /* PBXContainerItemProxy */;
		};
		836B44381C0911E4004CB8DF /* PBXTargetDependency */ = {
			isa = PBXTargetDependency;
			target = 836B44161C0911E4004CB8DF /* BBCupertinoITunesConnectTest */;
			targetProxy = 836B44371C0911E4004CB8DF /* PBXContainerItemProxy */;
		};
/* End PBXTargetDependency section */

/* Begin PBXVariantGroup section */
		836B441E1C0911E4004CB8DF /* Main.storyboard */ = {
			isa = PBXVariantGroup;
			children = (
				836B441F1C0911E4004CB8DF /* Base */,
			);
			name = Main.storyboard;
			sourceTree = "<group>";
		};
		836B44231C0911E4004CB8DF /* LaunchScreen.storyboard */ = {
			isa = PBXVariantGroup;
			children = (
				836B44241C0911E4004CB8DF /* Base */,
			);
			name = LaunchScreen.storyboard;
			sourceTree = "<group>";
		};
/* End PBXVariantGroup section */

/* Begin XCBuildConfiguration section */
		836B443D1C0911E4004CB8DF /* Debug */ = {
			isa = XCBuildConfiguration;
			buildSettings = {
				ALWAYS_SEARCH_USER_PATHS = NO;
				CLANG_CXX_LANGUAGE_STANDARD = "gnu++0x";
				CLANG_CXX_LIBRARY = "libc++";
				CLANG_ENABLE_MODULES = YES;
				CLANG_ENABLE_OBJC_ARC = YES;
				CLANG_WARN_BOOL_CONVERSION = YES;
				CLANG_WARN_CONSTANT_CONVERSION = YES;
				CLANG_WARN_DIRECT_OBJC_ISA_USAGE = YES_ERROR;
				CLANG_WARN_EMPTY_BODY = YES;
				CLANG_WARN_ENUM_CONVERSION = YES;
				CLANG_WARN_INT_CONVERSION = YES;
				CLANG_WARN_OBJC_ROOT_CLASS = YES_ERROR;
				CLANG_WARN_UNREACHABLE_CODE = YES;
				CLANG_WARN__DUPLICATE_METHOD_MATCH = YES;
				"CODE_SIGN_IDENTITY[sdk=iphoneos*]" = "iPhone Developer";
				COPY_PHASE_STRIP = NO;
				DEBUG_INFORMATION_FORMAT = dwarf;
				ENABLE_STRICT_OBJC_MSGSEND = YES;
				ENABLE_TESTABILITY = YES;
				GCC_C_LANGUAGE_STANDARD = gnu99;
				GCC_DYNAMIC_NO_PIC = NO;
				GCC_NO_COMMON_BLOCKS = YES;
				GCC_OPTIMIZATION_LEVEL = 0;
				GCC_PREPROCESSOR_DEFINITIONS = (
					"DEBUG=1",
					"$(inherited)",
				);
				GCC_WARN_64_TO_32_BIT_CONVERSION = YES;
				GCC_WARN_ABOUT_RETURN_TYPE = YES_ERROR;
				GCC_WARN_UNDECLARED_SELECTOR = YES;
				GCC_WARN_UNINITIALIZED_AUTOS = YES_AGGRESSIVE;
				GCC_WARN_UNUSED_FUNCTION = YES;
				GCC_WARN_UNUSED_VARIABLE = YES;
				IPHONEOS_DEPLOYMENT_TARGET = 9.1;
				MTL_ENABLE_DEBUG_INFO = YES;
				ONLY_ACTIVE_ARCH = YES;
				SDKROOT = iphoneos;
				SWIFT_OPTIMIZATION_LEVEL = "-Onone";
				TARGETED_DEVICE_FAMILY = "1,2";
			};
			name = Debug;
		};
		836B443E1C0911E4004CB8DF /* Release */ = {
			isa = XCBuildConfiguration;
			buildSettings = {
				ALWAYS_SEARCH_USER_PATHS = NO;
				CLANG_CXX_LANGUAGE_STANDARD = "gnu++0x";
				CLANG_CXX_LIBRARY = "libc++";
				CLANG_ENABLE_MODULES = YES;
				CLANG_ENABLE_OBJC_ARC = YES;
				CLANG_WARN_BOOL_CONVERSION = YES;
				CLANG_WARN_CONSTANT_CONVERSION = YES;
				CLANG_WARN_DIRECT_OBJC_ISA_USAGE = YES_ERROR;
				CLANG_WARN_EMPTY_BODY = YES;
				CLANG_WARN_ENUM_CONVERSION = YES;
				CLANG_WARN_INT_CONVERSION = YES;
				CLANG_WARN_OBJC_ROOT_CLASS = YES_ERROR;
				CLANG_WARN_UNREACHABLE_CODE = YES;
				CLANG_WARN__DUPLICATE_METHOD_MATCH = YES;
				"CODE_SIGN_IDENTITY[sdk=iphoneos*]" = "iPhone Developer";
				COPY_PHASE_STRIP = NO;
				DEBUG_INFORMATION_FORMAT = "dwarf-with-dsym";
				ENABLE_NS_ASSERTIONS = NO;
				ENABLE_STRICT_OBJC_MSGSEND = YES;
				GCC_C_LANGUAGE_STANDARD = gnu99;
				GCC_NO_COMMON_BLOCKS = YES;
				GCC_WARN_64_TO_32_BIT_CONVERSION = YES;
				GCC_WARN_ABOUT_RETURN_TYPE = YES_ERROR;
				GCC_WARN_UNDECLARED_SELECTOR = YES;
				GCC_WARN_UNINITIALIZED_AUTOS = YES_AGGRESSIVE;
				GCC_WARN_UNUSED_FUNCTION = YES;
				GCC_WARN_UNUSED_VARIABLE = YES;
				IPHONEOS_DEPLOYMENT_TARGET = 9.1;
				MTL_ENABLE_DEBUG_INFO = NO;
				SDKROOT = iphoneos;
				TARGETED_DEVICE_FAMILY = "1,2";
				VALIDATE_PRODUCT = YES;
			};
			name = Release;
		};
		836B44401C0911E4004CB8DF /* Debug */ = {
			isa = XCBuildConfiguration;
			buildSettings = {
				ASSETCATALOG_COMPILER_APPICON_NAME = AppIcon;
				INFOPLIST_FILE = BBCupertinoITunesConnectTest/Info.plist;
				LD_RUNPATH_SEARCH_PATHS = "$(inherited) @executable_path/Frameworks";
				PRODUCT_BUNDLE_IDENTIFIER = test.cupertino.BBCupertinoITunesConnectTest;
				PRODUCT_NAME = "$(TARGET_NAME)";
			};
			name = Debug;
		};
		836B44411C0911E4004CB8DF /* Release */ = {
			isa = XCBuildConfiguration;
			buildSettings = {
				ASSETCATALOG_COMPILER_APPICON_NAME = AppIcon;
				INFOPLIST_FILE = BBCupertinoITunesConnectTest/Info.plist;
				LD_RUNPATH_SEARCH_PATHS = "$(inherited) @executable_path/Frameworks";
				PRODUCT_BUNDLE_IDENTIFIER = test.cupertino.BBCupertinoITunesConnectTest;
				PRODUCT_NAME = "$(TARGET_NAME)";
			};
			name = Release;
		};
		836B44431C0911E4004CB8DF /* Debug */ = {
			isa = XCBuildConfiguration;
			buildSettings = {
				BUNDLE_LOADER = "$(TEST_HOST)";
				INFOPLIST_FILE = BBCupertinoITunesConnectTestTests/Info.plist;
				LD_RUNPATH_SEARCH_PATHS = "$(inherited) @executable_path/Frameworks @loader_path/Frameworks";
				PRODUCT_BUNDLE_IDENTIFIER = test.cupertino.BBCupertinoITunesConnectTestTests;
				PRODUCT_NAME = "$(TARGET_NAME)";
				TEST_HOST = "$(BUILT_PRODUCTS_DIR)/BBCupertinoITunesConnectTest.app/BBCupertinoITunesConnectTest";
			};
			name = Debug;
		};
		836B44441C0911E4004CB8DF /* Release */ = {
			isa = XCBuildConfiguration;
			buildSettings = {
				BUNDLE_LOADER = "$(TEST_HOST)";
				INFOPLIST_FILE = BBCupertinoITunesConnectTestTests/Info.plist;
				LD_RUNPATH_SEARCH_PATHS = "$(inherited) @executable_path/Frameworks @loader_path/Frameworks";
				PRODUCT_BUNDLE_IDENTIFIER = test.cupertino.BBCupertinoITunesConnectTestTests;
				PRODUCT_NAME = "$(TARGET_NAME)";
				TEST_HOST = "$(BUILT_PRODUCTS_DIR)/BBCupertinoITunesConnectTest.app/BBCupertinoITunesConnectTest";
			};
			name = Release;
		};
		836B44461C0911E4004CB8DF /* Debug */ = {
			isa = XCBuildConfiguration;
			buildSettings = {
				INFOPLIST_FILE = BBCupertinoITunesConnectTestUITests/Info.plist;
				LD_RUNPATH_SEARCH_PATHS = "$(inherited) @executable_path/Frameworks @loader_path/Frameworks";
				PRODUCT_BUNDLE_IDENTIFIER = test.cupertino.BBCupertinoITunesConnectTestUITests;
				PRODUCT_NAME = "$(TARGET_NAME)";
				TEST_TARGET_NAME = BBCupertinoITunesConnectTest;
				USES_XCTRUNNER = YES;
			};
			name = Debug;
		};
		836B44471C0911E4004CB8DF /* Release */ = {
			isa = XCBuildConfiguration;
			buildSettings = {
				INFOPLIST_FILE = BBCupertinoITunesConnectTestUITests/Info.plist;
				LD_RUNPATH_SEARCH_PATHS = "$(inherited) @executable_path/Frameworks @loader_path/Frameworks";
				PRODUCT_BUNDLE_IDENTIFIER = test.cupertino.BBCupertinoITunesConnectTestUITests;
				PRODUCT_NAME = "$(TARGET_NAME)";
				TEST_TARGET_NAME = BBCupertinoITunesConnectTest;
				USES_XCTRUNNER = YES;
			};
			name = Release;
		};
/* End XCBuildConfiguration section */

/* Begin XCConfigurationList section */
		836B44121C0911E3004CB8DF /* Build configuration list for PBXProject "BBCupertinoITunesConnectTest" */ = {
			isa = XCConfigurationList;
			buildConfigurations = (
				836B443D1C0911E4004CB8DF /* Debug */,
				836B443E1C0911E4004CB8DF /* Release */,
			);
			defaultConfigurationIsVisible = 0;
			defaultConfigurationName = Release;
		};
		836B443F1C0911E4004CB8DF /* Build configuration list for PBXNativeTarget "BBCupertinoITunesConnectTest" */ = {
			isa = XCConfigurationList;
			buildConfigurations = (
				836B44401C0911E4004CB8DF /* Debug */,
				836B44411C0911E4004CB8DF /* Release */,
			);
			defaultConfigurationIsVisible = 0;
		};
		836B44421C0911E4004CB8DF /* Build configuration list for PBXNativeTarget "BBCupertinoITunesConnectTestTests" */ = {
			isa = XCConfigurationList;
			buildConfigurations = (
				836B44431C0911E4004CB8DF /* Debug */,
				836B44441C0911E4004CB8DF /* Release */,
			);
			defaultConfigurationIsVisible = 0;
		};
		836B44451C0911E4004CB8DF /* Build configuration list for PBXNativeTarget "BBCupertinoITunesConnectTestUITests" */ = {
			isa = XCConfigurationList;
			buildConfigurations = (
				836B44461C0911E4004CB8DF /* Debug */,
				836B44471C0911E4004CB8DF /* Release */,
			);
			defaultConfigurationIsVisible = 0;
		};
/* End XCConfigurationList section */
	};
	rootObject = 836B440F1C0911E3004CB8DF /* Project object */;
}
